
Microsoft Visual Studio Solution File, Format Version 12.00
# Visual Studio 15
VisualStudioVersion = 15.0.28010.2003
MinimumVisualStudioVersion = 10.0.40219.1
Project("{FAE04EC0-301F-11D3-BF4B-00C04F79EFBC}") = "RazorPagesMovie", "RazorPagesMovie\RazorPagesMovie.csproj", "{109EB948-6081-4673-BD23-AB3EE490498D}"
EndProject
Global
	GlobalSection(SolutionConfigurationPlatforms) = preSolution
		Debug|Any CPU = Debug|Any CPU
		Release|Any CPU = Release|Any CPU
	EndGlobalSection
	GlobalSection(ProjectConfigurationPlatforms) = postSolution
		{109EB948-6081-4673-BD23-AB3EE490498D}.Debug|Any CPU.ActiveCfg = Debug|Any CPU
		{109EB948-6081-4673-BD23-AB3EE490498D}.Debug|Any CPU.Build.0 = Debug|Any CPU
		{109EB948-6081-4673-BD23-AB3EE490498D}.Release|Any CPU.ActiveCfg = Release|Any CPU
		{109EB948-6081-4673-BD23-AB3EE490498D}.Release|Any CPU.Build.0 = Release|Any CPU
	EndGlobalSection
	GlobalSection(SolutionProperties) = preSolution
		HideSolutionNode = FALSE
	EndGlobalSection
	GlobalSection(ExtensibilityGlobals) = postSolution
		SolutionGuid = {7BFEB253-E301-4AAB-98CC-FE4C4B0361F9}
	EndGlobalSection
EndGlobal
